
Microsoft Visual Studio Solution File, Format Version 12.00
# Visual Studio Version 17
VisualStudioVersion = 17.4.33205.214
MinimumVisualStudioVersion = 10.0.40219.1
Project("{FAE04EC0-301F-11D3-BF4B-00C04F79EFBC}") = "InsertRowsDA", "InsertRowsDA\InsertRowsDA.csproj", "{6F59F65D-BD3C-4F05-8D6F-7C2721C20B1A}"
EndProject
Project("{FAE04EC0-301F-11D3-BF4B-00C04F79EFBC}") = "QueryDA", "QueryDA\QueryDA.csproj", "{7D997B27-E54C-4D2F-A86C-F21D2BA0C996}"
EndProject
Project("{FAE04EC0-301F-11D3-BF4B-00C04F79EFBC}") = "QueryDA2", "QueryDA2\QueryDA2.csproj", "{AEBD65E6-5A70-4502-B52C-05CC3C5836FA}"
EndProject
Project("{FAE04EC0-301F-11D3-BF4B-00C04F79EFBC}") = "UpdateDA", "UpdateDA\UpdateDA.csproj", "{4245A98E-C4E5-4987-8BFA-A21B03491606}"
EndProject
Project("{FAE04EC0-301F-11D3-BF4B-00C04F79EFBC}") = "DeleteAllDataDA", "DeleteAllDataDA\DeleteAllDataDA.csproj", "{C4F15F7C-5135-442E-AECD-4E840AE8D9C4}"
EndProject
Global
	GlobalSection(SolutionConfigurationPlatforms) = preSolution
		Debug|Any CPU = Debug|Any CPU
		Release|Any CPU = Release|Any CPU
	EndGlobalSection
	GlobalSection(ProjectConfigurationPlatforms) = postSolution
		{6F59F65D-BD3C-4F05-8D6F-7C2721C20B1A}.Debug|Any CPU.ActiveCfg = Debug|Any CPU
		{6F59F65D-BD3C-4F05-8D6F-7C2721C20B1A}.Debug|Any CPU.Build.0 = Debug|Any CPU
		{6F59F65D-BD3C-4F05-8D6F-7C2721C20B1A}.Release|Any CPU.ActiveCfg = Release|Any CPU
		{6F59F65D-BD3C-4F05-8D6F-7C2721C20B1A}.Release|Any CPU.Build.0 = Release|Any CPU
		{7D997B27-E54C-4D2F-A86C-F21D2BA0C996}.Debug|Any CPU.ActiveCfg = Debug|Any CPU
		{7D997B27-E54C-4D2F-A86C-F21D2BA0C996}.Debug|Any CPU.Build.0 = Debug|Any CPU
		{7D997B27-E54C-4D2F-A86C-F21D2BA0C996}.Release|Any CPU.ActiveCfg = Release|Any CPU
		{7D997B27-E54C-4D2F-A86C-F21D2BA0C996}.Release|Any CPU.Build.0 = Release|Any CPU
		{AEBD65E6-5A70-4502-B52C-05CC3C5836FA}.Debug|Any CPU.ActiveCfg = Debug|Any CPU
		{AEBD65E6-5A70-4502-B52C-05CC3C5836FA}.Debug|Any CPU.Build.0 = Debug|Any CPU
		{AEBD65E6-5A70-4502-B52C-05CC3C5836FA}.Release|Any CPU.ActiveCfg = Release|Any CPU
		{AEBD65E6-5A70-4502-B52C-05CC3C5836FA}.Release|Any CPU.Build.0 = Release|Any CPU
		{4245A98E-C4E5-4987-8BFA-A21B03491606}.Debug|Any CPU.ActiveCfg = Debug|Any CPU
		{4245A98E-C4E5-4987-8BFA-A21B03491606}.Debug|Any CPU.Build.0 = Debug|Any CPU
		{4245A98E-C4E5-4987-8BFA-A21B03491606}.Release|Any CPU.ActiveCfg = Release|Any CPU
		{4245A98E-C4E5-4987-8BFA-A21B03491606}.Release|Any CPU.Build.0 = Release|Any CPU
		{C4F15F7C-5135-442E-AECD-4E840AE8D9C4}.Debug|Any CPU.ActiveCfg = Debug|Any CPU
		{C4F15F7C-5135-442E-AECD-4E840AE8D9C4}.Debug|Any CPU.Build.0 = Debug|Any CPU
		{C4F15F7C-5135-442E-AECD-4E840AE8D9C4}.Release|Any CPU.ActiveCfg = Release|Any CPU
		{C4F15F7C-5135-442E-AECD-4E840AE8D9C4}.Release|Any CPU.Build.0 = Release|Any CPU
	EndGlobalSection
	GlobalSection(SolutionProperties) = preSolution
		HideSolutionNode = FALSE
	EndGlobalSection
	GlobalSection(ExtensibilityGlobals) = postSolution
		SolutionGuid = {62579D09-B63B-4BAA-A86B-CF8F96779BD7}
	EndGlobalSection
EndGlobal
